Microsoft Visual Studio Solution File, Format Version 12.00
# Visual Studio Version 17
VisualStudioVersion = 17.5.2.0
MinimumVisualStudioVersion = 10.0.40219.1
Project("{FAE04EC0-301F-11D3-BF4B-00C04F79EFBC}") = "ticket-project", "ticket-project.csproj", "{F80B6744-E916-5B19-F513-0A1840089362}"
EndProject
Global
	GlobalSection(SolutionConfigurationPlatforms) = preSolution
		Debug|Any CPU = Debug|Any CPU
		Release|Any CPU = Release|Any CPU
	EndGlobalSection
	GlobalSection(ProjectConfigurationPlatforms) = postSolution
		{F80B6744-E916-5B19-F513-0A1840089362}.Debug|Any CPU.ActiveCfg = Debug|Any CPU
		{F80B6744-E916-5B19-F513-0A1840089362}.Debug|Any CPU.Build.0 = Debug|Any CPU
		{F80B6744-E916-5B19-F513-0A1840089362}.Release|Any CPU.ActiveCfg = Release|Any CPU
		{F80B6744-E916-5B19-F513-0A1840089362}.Release|Any CPU.Build.0 = Release|Any CPU
	EndGlobalSection
	GlobalSection(SolutionProperties) = preSolution
		HideSolutionNode = FALSE
	EndGlobalSection
	GlobalSection(ExtensibilityGlobals) = postSolution
		SolutionGuid = {A7FBA1B0-E720-4B25-8E81-BF925F3FDCB5}
	EndGlobalSection
EndGlobal
